
Microsoft Visual Studio Solution File, Format Version 12.00
# Visual Studio Version 17
VisualStudioVersion = 17.8.34525.116
MinimumVisualStudioVersion = 10.0.40219.1
Project("{FAE04EC0-301F-11D3-BF4B-00C04F79EFBC}") = "AppBuscaCep", "AppBuscaCep\AppBuscaCep.csproj", "{2CF6C974-37CD-4993-86F8-39F5CCA19CBC}"
EndProject
Global
	GlobalSection(SolutionConfigurationPlatforms) = preSolution
		Debug|Any CPU = Debug|Any CPU
		Release|Any CPU = Release|Any CPU
	EndGlobalSection
	GlobalSection(ProjectConfigurationPlatforms) = postSolution
		{2CF6C974-37CD-4993-86F8-39F5CCA19CBC}.Debug|Any CPU.ActiveCfg = Debug|Any CPU
		{2CF6C974-37CD-4993-86F8-39F5CCA19CBC}.Debug|Any CPU.Build.0 = Debug|Any CPU
		{2CF6C974-37CD-4993-86F8-39F5CCA19CBC}.Debug|Any CPU.Deploy.0 = Debug|Any CPU
		{2CF6C974-37CD-4993-86F8-39F5CCA19CBC}.Release|Any CPU.ActiveCfg = Release|Any CPU
		{2CF6C974-37CD-4993-86F8-39F5CCA19CBC}.Release|Any CPU.Build.0 = Release|Any CPU
		{2CF6C974-37CD-4993-86F8-39F5CCA19CBC}.Release|Any CPU.Deploy.0 = Release|Any CPU
	EndGlobalSection
	GlobalSection(SolutionProperties) = preSolution
		HideSolutionNode = FALSE
	EndGlobalSection
	GlobalSection(ExtensibilityGlobals) = postSolution
		SolutionGuid = {372621E2-5841-4D04-97B0-EB4EA00B5C4D}
	EndGlobalSection
EndGlobal
